// !$*UTF8*$!
{
	archiveVersion = 1;
	classes = {
	};
	objectVersion = 46;
	objects = {

/* Begin PBXBuildFile section */
		841A3FD01A9BDA8500792760 /* main.cpp in Sources */ = {isa = PBXBuildFile; fileRef = 841A3FCF1A9BDA8500792760 /* main.cpp */; };
		841A3FD21A9BDA8500792760 /* EventSimulation.1 in CopyFiles */ = {isa = PBXBuildFile; fileRef = 841A3FD11A9BDA8500792760 /* EventSimulation.1 */; };
		841A3FDA1A9BDBCD00792760 /* Bar.cpp in Sources */ = {isa = PBXBuildFile; fileRef = 841A3FD81A9BDBCD00792760 /* Bar.cpp */; };
		841A3FDD1A9BDC6600792760 /* Event.cpp in Sources */ = {isa = PBXBuildFile; fileRef = 841A3FDB1A9BDC6600792760 /* Event.cpp */; };
		841A3FE31A9D140E00792760 /* RandomInteger.cpp in Sources */ = {isa = PBXBuildFile; fileRef = 841A3FE11A9D140E00792760 /* RandomInteger.cpp */; };
		841A3FE61A9D183800792760 /* PriorityQueue.cpp in Sources */ = {isa = PBXBuildFile; fileRef = 841A3FE41A9D183800792760 /* PriorityQueue.cpp */; };
		841A3FE91A9D259800792760 /* ArriveEvent.cpp in Sources */ = {isa = PBXBuildFile; fileRef = 841A3FE71A9D259800792760 /* ArriveEvent.cpp */; };
		841A3FEC1A9D290000792760 /* OrderEvent.cpp in Sources */ = {isa = PBXBuildFile; fileRef = 841A3FEA1A9D290000792760 /* OrderEvent.cpp */; };
		841A3FF81A9D45A500792760 /* LeaveEvent.cpp in Sources */ = {isa = PBXBuildFile; fileRef = 841A3FF61A9D45A500792760 /* LeaveEvent.cpp */; };
		841A3FFB1A9DBD3300792760 /* SimulationController.cpp in Sources */ = {isa = PBXBuildFile; fileRef = 841A3FF91A9DBD3300792760 /* SimulationController.cpp */; };
		841A40041AA292B100792760 /* EventSimulation.cpp in Sources */ = {isa = PBXBuildFile; fileRef = 841A40021AA292B100792760 /* EventSimulation.cpp */; };
		841A40071AA67DB400792760 /* Beer.cpp in Sources */ = {isa = PBXBuildFile; fileRef = 841A40051AA67DB400792760 /* Beer.cpp */; };
		841A400A1AA6A27D00792760 /* BarEventPattern.cpp in Sources */ = {isa = PBXBuildFile; fileRef = 841A40081AA6A27D00792760 /* BarEventPattern.cpp */; };
		84E8A9AD1AACE2F10064A495 /* BarEvent.cpp in Sources */ = {isa = PBXBuildFile; fileRef = 84E8A9AB1AACE2F10064A495 /* BarEvent.cpp */; };
		84E8A9B01AACE5CC0064A495 /* FileWriter.cpp in Sources */ = {isa = PBXBuildFile; fileRef = 84E8A9AE1AACE5CC0064A495 /* FileWriter.cpp */; };
		84E8A9B51AAE45240064A495 /* Log.cpp in Sources */ = {isa = PBXBuildFile; fileRef = 84E8A9B31AAE45240064A495 /* Log.cpp */; };
/* End PBXBuildFile section */

/* Begin PBXCopyFilesBuildPhase section */
		841A3FCA1A9BDA8500792760 /* CopyFiles */ = {
			isa = PBXCopyFilesBuildPhase;
			buildActionMask = 2147483647;
			dstPath = /usr/share/man/man1/;
			dstSubfolderSpec = 0;
			files = (
				841A3FD21A9BDA8500792760 /* EventSimulation.1 in CopyFiles */,
			);
			runOnlyForDeploymentPostprocessing = 1;
		};
/* End PBXCopyFilesBuildPhase section */

/* Begin PBXFileReference section */
		841A3FCC1A9BDA8500792760 /* EventSimulation */ = {isa = PBXFileReference; explicitFileType = "compiled.mach-o.executable"; includeInIndex = 0; path = EventSimulation; sourceTree = BUILT_PRODUCTS_DIR; };
		841A3FCF1A9BDA8500792760 /* main.cpp */ = {isa = PBXFileReference; lastKnownFileType = sourcecode.cpp.cpp; path = main.cpp; sourceTree = "<group>"; };
		841A3FD11A9BDA8500792760 /* EventSimulation.1 */ = {isa = PBXFileReference; lastKnownFileType = text.man; path = EventSimulation.1; sourceTree = "<group>"; };
		841A3FD81A9BDBCD00792760 /* Bar.cpp */ = {isa = PBXFileReference; fileEncoding = 4; lastKnownFileType = sourcecode.cpp.cpp; path = Bar.cpp; sourceTree = "<group>"; };
		841A3FD91A9BDBCD00792760 /* Bar.h */ = {isa = PBXFileReference; fileEncoding = 4; lastKnownFileType = sourcecode.c.h; path = Bar.h; sourceTree = "<group>"; };
		841A3FDB1A9BDC6600792760 /* Event.cpp */ = {isa = PBXFileReference; fileEncoding = 4; lastKnownFileType = sourcecode.cpp.cpp; path = Event.cpp; sourceTree = "<group>"; };
		841A3FDC1A9BDC6600792760 /* Event.h */ = {isa = PBXFileReference; fileEncoding = 4; lastKnownFileType = sourcecode.c.h; path = Event.h; sourceTree = "<group>"; };
		841A3FE11A9D140E00792760 /* RandomInteger.cpp */ = {isa = PBXFileReference; fileEncoding = 4; lastKnownFileType = sourcecode.cpp.cpp; path = RandomInteger.cpp; sourceTree = "<group>"; };
		841A3FE21A9D140E00792760 /* RandomInteger.h */ = {isa = PBXFileReference; fileEncoding = 4; lastKnownFileType = sourcecode.c.h; path = RandomInteger.h; sourceTree = "<group>"; };
		841A3FE41A9D183800792760 /* PriorityQueue.cpp */ = {isa = PBXFileReference; fileEncoding = 4; lastKnownFileType = sourcecode.cpp.cpp; path = PriorityQueue.cpp; sourceTree = "<group>"; };
		841A3FE71A9D259800792760 /* ArriveEvent.cpp */ = {isa = PBXFileReference; fileEncoding = 4; lastKnownFileType = sourcecode.cpp.cpp; path = ArriveEvent.cpp; sourceTree = "<group>"; };
		841A3FE81A9D259800792760 /* ArriveEvent.h */ = {isa = PBXFileReference; fileEncoding = 4; lastKnownFileType = sourcecode.c.h; path = ArriveEvent.h; sourceTree = "<group>"; };
		841A3FEA1A9D290000792760 /* OrderEvent.cpp */ = {isa = PBXFileReference; fileEncoding = 4; lastKnownFileType = sourcecode.cpp.cpp; path = OrderEvent.cpp; sourceTree = "<group>"; };
		841A3FEB1A9D290000792760 /* OrderEvent.h */ = {isa = PBXFileReference; fileEncoding = 4; lastKnownFileType = sourcecode.c.h; path = OrderEvent.h; sourceTree = "<group>"; };
		841A3FF61A9D45A500792760 /* LeaveEvent.cpp */ = {isa = PBXFileReference; fileEncoding = 4; lastKnownFileType = sourcecode.cpp.cpp; path = LeaveEvent.cpp; sourceTree = "<group>"; };
		841A3FF71A9D45A500792760 /* LeaveEvent.h */ = {isa = PBXFileReference; fileEncoding = 4; lastKnownFileType = sourcecode.c.h; path = LeaveEvent.h; sourceTree = "<group>"; };
		841A3FF91A9DBD3300792760 /* SimulationController.cpp */ = {isa = PBXFileReference; fileEncoding = 4; lastKnownFileType = sourcecode.cpp.cpp; path = SimulationController.cpp; sourceTree = "<group>"; };
		841A3FFA1A9DBD3300792760 /* SimulationController.h */ = {isa = PBXFileReference; fileEncoding = 4; lastKnownFileType = sourcecode.c.h; path = SimulationController.h; sourceTree = "<group>"; };
		841A40001A9E451D00792760 /* Comparable.h */ = {isa = PBXFileReference; fileEncoding = 4; lastKnownFileType = sourcecode.c.h; path = Comparable.h; sourceTree = "<group>"; };
		841A40021AA292B100792760 /* EventSimulation.cpp */ = {isa = PBXFileReference; fileEncoding = 4; lastKnownFileType = sourcecode.cpp.cpp; path = EventSimulation.cpp; sourceTree = "<group>"; };
		841A40031AA292B100792760 /* EventSimulation.h */ = {isa = PBXFileReference; fileEncoding = 4; lastKnownFileType = sourcecode.c.h; path = EventSimulation.h; sourceTree = "<group>"; };
		841A40051AA67DB400792760 /* Beer.cpp */ = {isa = PBXFileReference; fileEncoding = 4; lastKnownFileType = sourcecode.cpp.cpp; path = Beer.cpp; sourceTree = "<group>"; };
		841A40061AA67DB400792760 /* Beer.h */ = {isa = PBXFileReference; fileEncoding = 4; lastKnownFileType = sourcecode.c.h; path = Beer.h; sourceTree = "<group>"; };
		841A40081AA6A27D00792760 /* BarEventPattern.cpp */ = {isa = PBXFileReference; fileEncoding = 4; lastKnownFileType = sourcecode.cpp.cpp; path = BarEventPattern.cpp; sourceTree = "<group>"; };
		841A40091AA6A27D00792760 /* BarEventPattern.h */ = {isa = PBXFileReference; fileEncoding = 4; lastKnownFileType = sourcecode.c.h; path = BarEventPattern.h; sourceTree = "<group>"; };
		84E8A9AB1AACE2F10064A495 /* BarEvent.cpp */ = {isa = PBXFileReference; fileEncoding = 4; lastKnownFileType = sourcecode.cpp.cpp; path = BarEvent.cpp; sourceTree = "<group>"; };
		84E8A9AC1AACE2F10064A495 /* BarEvent.h */ = {isa = PBXFileReference; fileEncoding = 4; lastKnownFileType = sourcecode.c.h; path = BarEvent.h; sourceTree = "<group>"; };
		84E8A9AE1AACE5CC0064A495 /* FileWriter.cpp */ = {isa = PBXFileReference; fileEncoding = 4; lastKnownFileType = sourcecode.cpp.cpp; path = FileWriter.cpp; sourceTree = "<group>"; };
		84E8A9AF1AACE5CC0064A495 /* FileWriter.h */ = {isa = PBXFileReference; fileEncoding = 4; lastKnownFileType = sourcecode.c.h; path = FileWriter.h; sourceTree = "<group>"; };
		84E8A9B31AAE45240064A495 /* Log.cpp */ = {isa = PBXFileReference; fileEncoding = 4; lastKnownFileType = sourcecode.cpp.cpp; path = Log.cpp; sourceTree = "<group>"; };
		84E8A9B41AAE45240064A495 /* Log.h */ = {isa = PBXFileReference; fileEncoding = 4; lastKnownFileType = sourcecode.c.h; path = Log.h; sourceTree = "<group>"; };
/* End PBXFileReference section */

/* Begin PBXFrameworksBuildPhase section */
		841A3FC91A9BDA8500792760 /* Frameworks */ = {
			isa = PBXFrameworksBuildPhase;
			buildActionMask = 2147483647;
			files = (
			);
			runOnlyForDeploymentPostprocessing = 0;
		};
/* End PBXFrameworksBuildPhase section */

/* Begin PBXGroup section */
		841A3FC31A9BDA8500792760 = {
			isa = PBXGroup;
			children = (
				841A3FCE1A9BDA8500792760 /* EventSimulation */,
				841A3FCD1A9BDA8500792760 /* Products */,
			);
			sourceTree = "<group>";
		};
		841A3FCD1A9BDA8500792760 /* Products */ = {
			isa = PBXGroup;
			children = (
				841A3FCC1A9BDA8500792760 /* EventSimulation */,
			);
			name = Products;
			sourceTree = "<group>";
		};
		841A3FCE1A9BDA8500792760 /* EventSimulation */ = {
			isa = PBXGroup;
			children = (
				841A3FCF1A9BDA8500792760 /* main.cpp */,
				841A40001A9E451D00792760 /* Comparable.h */,
				841A3FDB1A9BDC6600792760 /* Event.cpp */,
				841A3FDC1A9BDC6600792760 /* Event.h */,
				84E8A9AB1AACE2F10064A495 /* BarEvent.cpp */,
				84E8A9AC1AACE2F10064A495 /* BarEvent.h */,
				841A3FE71A9D259800792760 /* ArriveEvent.cpp */,
				841A3FE81A9D259800792760 /* ArriveEvent.h */,
				841A3FEA1A9D290000792760 /* OrderEvent.cpp */,
				841A3FEB1A9D290000792760 /* OrderEvent.h */,
				841A3FF61A9D45A500792760 /* LeaveEvent.cpp */,
				841A3FF71A9D45A500792760 /* LeaveEvent.h */,
				841A3FD11A9BDA8500792760 /* EventSimulation.1 */,
				841A3FF91A9DBD3300792760 /* SimulationController.cpp */,
				841A3FFA1A9DBD3300792760 /* SimulationController.h */,
				841A3FD81A9BDBCD00792760 /* Bar.cpp */,
				841A3FD91A9BDBCD00792760 /* Bar.h */,
				841A40051AA67DB400792760 /* Beer.cpp */,
				841A40061AA67DB400792760 /* Beer.h */,
				841A3FE11A9D140E00792760 /* RandomInteger.cpp */,
				841A3FE21A9D140E00792760 /* RandomInteger.h */,
				841A3FE41A9D183800792760 /* PriorityQueue.cpp */,
				841A40021AA292B100792760 /* EventSimulation.cpp */,
				841A40031AA292B100792760 /* EventSimulation.h */,
				841A40081AA6A27D00792760 /* BarEventPattern.cpp */,
				841A40091AA6A27D00792760 /* BarEventPattern.h */,
				84E8A9AE1AACE5CC0064A495 /* FileWriter.cpp */,
				84E8A9AF1AACE5CC0064A495 /* FileWriter.h */,
				84E8A9B31AAE45240064A495 /* Log.cpp */,
				84E8A9B41AAE45240064A495 /* Log.h */,
			);
			path = EventSimulation;
			sourceTree = "<group>";
		};
/* End PBXGroup section */

/* Begin PBXNativeTarget section */
		841A3FCB1A9BDA8500792760 /* EventSimulation */ = {
			isa = PBXNativeTarget;
			buildConfigurationList = 841A3FD51A9BDA8500792760 /* Build configuration list for PBXNativeTarget "EventSimulation" */;
			buildPhases = (
				841A3FC81A9BDA8500792760 /* Sources */,
				841A3FC91A9BDA8500792760 /* Frameworks */,
				841A3FCA1A9BDA8500792760 /* CopyFiles */,
			);
			buildRules = (
			);
			dependencies = (
			);
			name = EventSimulation;
			productName = EventSimulation;
			productReference = 841A3FCC1A9BDA8500792760 /* EventSimulation */;
			productType = "com.apple.product-type.tool";
		};
/* End PBXNativeTarget section */

/* Begin PBXProject section */
		841A3FC41A9BDA8500792760 /* Project object */ = {
			isa = PBXProject;
			attributes = {
				LastUpgradeCheck = 0700;
				ORGANIZATIONNAME = "Matthew Valli";
			};
			buildConfigurationList = 841A3FC71A9BDA8500792760 /* Build configuration list for PBXProject "EventSimulation" */;
			compatibilityVersion = "Xcode 3.2";
			developmentRegion = English;
			hasScannedForEncodings = 0;
			knownRegions = (
				en,
			);
			mainGroup = 841A3FC31A9BDA8500792760;
			productRefGroup = 841A3FCD1A9BDA8500792760 /* Products */;
			projectDirPath = "";
			projectRoot = "";
			targets = (
				841A3FCB1A9BDA8500792760 /* EventSimulation */,
			);
		};
/* End PBXProject section */

/* Begin PBXSourcesBuildPhase section */
		841A3FC81A9BDA8500792760 /* Sources */ = {
			isa = PBXSourcesBuildPhase;
			buildActionMask = 2147483647;
			files = (
				841A3FF81A9D45A500792760 /* LeaveEvent.cpp in Sources */,
				841A3FE31A9D140E00792760 /* RandomInteger.cpp in Sources */,
				841A40071AA67DB400792760 /* Beer.cpp in Sources */,
				841A40041AA292B100792760 /* EventSimulation.cpp in Sources */,
				841A3FDD1A9BDC6600792760 /* Event.cpp in Sources */,
				841A3FE61A9D183800792760 /* PriorityQueue.cpp in Sources */,
				84E8A9B51AAE45240064A495 /* Log.cpp in Sources */,
				841A3FD01A9BDA8500792760 /* main.cpp in Sources */,
				841A3FEC1A9D290000792760 /* OrderEvent.cpp in Sources */,
				841A3FDA1A9BDBCD00792760 /* Bar.cpp in Sources */,
				841A3FFB1A9DBD3300792760 /* SimulationController.cpp in Sources */,
				84E8A9B01AACE5CC0064A495 /* FileWriter.cpp in Sources */,
				841A3FE91A9D259800792760 /* ArriveEvent.cpp in Sources */,
				84E8A9AD1AACE2F10064A495 /* BarEvent.cpp in Sources */,
				841A400A1AA6A27D00792760 /* BarEventPattern.cpp in Sources */,
			);
			runOnlyForDeploymentPostprocessing = 0;
		};
/* End PBXSourcesBuildPhase section */

/* Begin XCBuildConfiguration section */
		841A3FD31A9BDA8500792760 /* Debug */ = {
			isa = XCBuildConfiguration;
			buildSettings = {
				ALWAYS_SEARCH_USER_PATHS = NO;
				CLANG_CXX_LANGUAGE_STANDARD = "gnu++0x";
				CLANG_CXX_LIBRARY = "libc++";
				CLANG_ENABLE_OBJC_ARC = YES;
				CLANG_WARN_BOOL_CONVERSION = YES;
				CLANG_WARN_CONSTANT_CONVERSION = YES;
				CLANG_WARN_DIRECT_OBJC_ISA_USAGE = YES_ERROR;
				CLANG_WARN_EMPTY_BODY = YES;
				CLANG_WARN_ENUM_CONVERSION = YES;
				CLANG_WARN_INT_CONVERSION = YES;
				CLANG_WARN_OBJC_ROOT_CLASS = YES_ERROR;
				CLANG_WARN__DUPLICATE_METHOD_MATCH = YES;
				COPY_PHASE_STRIP = NO;
				ENABLE_TESTABILITY = YES;
				GCC_C_LANGUAGE_STANDARD = gnu99;
				GCC_DYNAMIC_NO_PIC = NO;
				GCC_ENABLE_OBJC_EXCEPTIONS = YES;
				GCC_OPTIMIZATION_LEVEL = 0;
				GCC_PREPROCESSOR_DEFINITIONS = (
					"DEBUG=1",
					"$(inherited)",
				);
				GCC_SYMBOLS_PRIVATE_EXTERN = NO;
				GCC_WARN_64_TO_32_BIT_CONVERSION = YES;
				GCC_WARN_ABOUT_RETURN_TYPE = YES_ERROR;
				GCC_WARN_UNDECLARED_SELECTOR = YES;
				GCC_WARN_UNINITIALIZED_AUTOS = YES;
				GCC_WARN_UNUSED_FUNCTION = YES;
				GCC_WARN_UNUSED_VARIABLE = YES;
				MACOSX_DEPLOYMENT_TARGET = 10.9;
				ONLY_ACTIVE_ARCH = YES;
				SDKROOT = macosx;
			};
			name = Debug;
		};
		841A3FD41A9BDA8500792760 /* Release */ = {
			isa = XCBuildConfiguration;
			buildSettings = {
				ALWAYS_SEARCH_USER_PATHS = NO;
				CLANG_CXX_LANGUAGE_STANDARD = "gnu++0x";
				CLANG_CXX_LIBRARY = "libc++";
				CLANG_ENABLE_OBJC_ARC = YES;
				CLANG_WARN_BOOL_CONVERSION = YES;
				CLANG_WARN_CONSTANT_CONVERSION = YES;
				CLANG_WARN_DIRECT_OBJC_ISA_USAGE = YES_ERROR;
				CLANG_WARN_EMPTY_BODY = YES;
				CLANG_WARN_ENUM_CONVERSION = YES;
				CLANG_WARN_INT_CONVERSION = YES;
				CLANG_WARN_OBJC_ROOT_CLASS = YES_ERROR;
				CLANG_WARN__DUPLICATE_METHOD_MATCH = YES;
				COPY_PHASE_STRIP = YES;
				DEBUG_INFORMATION_FORMAT = "dwarf-with-dsym";
				ENABLE_NS_ASSERTIONS = NO;
				GCC_C_LANGUAGE_STANDARD = gnu99;
				GCC_ENABLE_OBJC_EXCEPTIONS = YES;
				GCC_WARN_64_TO_32_BIT_CONVERSION = YES;
				GCC_WARN_ABOUT_RETURN_TYPE = YES_ERROR;
				GCC_WARN_UNDECLARED_SELECTOR = YES;
				GCC_WARN_UNINITIALIZED_AUTOS = YES;
				GCC_WARN_UNUSED_FUNCTION = YES;
				GCC_WARN_UNUSED_VARIABLE = YES;
				MACOSX_DEPLOYMENT_TARGET = 10.9;
				SDKROOT = macosx;
			};
			name = Release;
		};
		841A3FD61A9BDA8500792760 /* Debug */ = {
			isa = XCBuildConfiguration;
			buildSettings = {
				PRODUCT_NAME = "$(TARGET_NAME)";
			};
			name = Debug;
		};
		841A3FD71A9BDA8500792760 /* Release */ = {
			isa = XCBuildConfiguration;
			buildSettings = {
				PRODUCT_NAME = "$(TARGET_NAME)";
			};
			name = Release;
		};
/* End XCBuildConfiguration section */

/* Begin XCConfigurationList section */
		841A3FC71A9BDA8500792760 /* Build configuration list for PBXProject "EventSimulation" */ = {
			isa = XCConfigurationList;
			buildConfigurations = (
				841A3FD31A9BDA8500792760 /* Debug */,
				841A3FD41A9BDA8500792760 /* Release */,
			);
			defaultConfigurationIsVisible = 0;
			defaultConfigurationName = Release;
		};
		841A3FD51A9BDA8500792760 /* Build configuration list for PBXNativeTarget "EventSimulation" */ = {
			isa = XCConfigurationList;
			buildConfigurations = (
				841A3FD61A9BDA8500792760 /* Debug */,
				841A3FD71A9BDA8500792760 /* Release */,
			);
			defaultConfigurationIsVisible = 0;
			defaultConfigurationName = Release;
		};
/* End XCConfigurationList section */
	};
	rootObject = 841A3FC41A9BDA8500792760 /* Project object */;
}
